
Microsoft Visual Studio Solution File, Format Version 10.00
# Visual Studio 2008
Project("{FAE04EC0-301F-11D3-BF4B-00C04F79EFBC}") = "ConexcoFacturación", "ConexcoFacturación\ConexcoFacturación.csproj", "{34A3C3C9-3B53-4215-9629-5214269C41F1}"
EndProject
Project("{FAE04EC0-301F-11D3-BF4B-00C04F79EFBC}") = "Conexco.Model", "Conexco.Model\Conexco.Model.csproj", "{CF6BA7BA-87E6-425F-8AA5-B2BE7A3567F1}"
EndProject
Project("{FAE04EC0-301F-11D3-BF4B-00C04F79EFBC}") = "Conexco.Controller", "Conexco.Controller\Conexco.Controller.csproj", "{280F6091-D771-417F-BC44-FDABE27DC122}"
EndProject
Project("{54435603-DBB4-11D2-8724-00A0C9A8B90C}") = "SetupConexco", "SetupConexco\SetupConexco.vdproj", "{4975F484-6A32-45EB-BBE4-FA4578067EED}"
EndProject
Global
	GlobalSection(SubversionScc) = preSolution
		Svn-Managed = True
		Manager = AnkhSVN - Subversion Support for Visual Studio
	EndGlobalSection
	GlobalSection(SolutionConfigurationPlatforms) = preSolution
		Debug|Any CPU = Debug|Any CPU
		Release|Any CPU = Release|Any CPU
	EndGlobalSection
	GlobalSection(ProjectConfigurationPlatforms) = postSolution
		{34A3C3C9-3B53-4215-9629-5214269C41F1}.Debug|Any CPU.ActiveCfg = Debug|Any CPU
		{34A3C3C9-3B53-4215-9629-5214269C41F1}.Debug|Any CPU.Build.0 = Debug|Any CPU
		{34A3C3C9-3B53-4215-9629-5214269C41F1}.Release|Any CPU.ActiveCfg = Release|Any CPU
		{34A3C3C9-3B53-4215-9629-5214269C41F1}.Release|Any CPU.Build.0 = Release|Any CPU
		{CF6BA7BA-87E6-425F-8AA5-B2BE7A3567F1}.Debug|Any CPU.ActiveCfg = Debug|Any CPU
		{CF6BA7BA-87E6-425F-8AA5-B2BE7A3567F1}.Debug|Any CPU.Build.0 = Debug|Any CPU
		{CF6BA7BA-87E6-425F-8AA5-B2BE7A3567F1}.Release|Any CPU.ActiveCfg = Release|Any CPU
		{CF6BA7BA-87E6-425F-8AA5-B2BE7A3567F1}.Release|Any CPU.Build.0 = Release|Any CPU
		{280F6091-D771-417F-BC44-FDABE27DC122}.Debug|Any CPU.ActiveCfg = Debug|Any CPU
		{280F6091-D771-417F-BC44-FDABE27DC122}.Debug|Any CPU.Build.0 = Debug|Any CPU
		{280F6091-D771-417F-BC44-FDABE27DC122}.Release|Any CPU.ActiveCfg = Release|Any CPU
		{280F6091-D771-417F-BC44-FDABE27DC122}.Release|Any CPU.Build.0 = Release|Any CPU
		{4975F484-6A32-45EB-BBE4-FA4578067EED}.Debug|Any CPU.ActiveCfg = Debug
		{4975F484-6A32-45EB-BBE4-FA4578067EED}.Release|Any CPU.ActiveCfg = Release
	EndGlobalSection
	GlobalSection(SolutionProperties) = preSolution
		HideSolutionNode = FALSE
	EndGlobalSection
EndGlobal
