
Microsoft Visual Studio Solution File, Format Version 10.00
# Visual Studio 2008
Project("{FAE04EC0-301F-11D3-BF4B-00C04F79EFBC}") = "ConexcoFacturación", "ConexcoFacturación\ConexcoFacturación.csproj", "{34A3C3C9-3B53-4215-9629-5214269C41F1}"
EndProject
Project("{FAE04EC0-301F-11D3-BF4B-00C04F79EFBC}") = "Conexco.Model", "Conexco.Model\Conexco.Model.csproj", "{CF6BA7BA-87E6-425F-8AA5-B2BE7A3567F1}"
EndProject
Project("{FAE04EC0-301F-11D3-BF4B-00C04F79EFBC}") = "Conexco.Controller", "Conexco.Controller\Conexco.Controller.csproj", "{280F6091-D771-417F-BC44-FDABE27DC122}"
EndProject
Project("{FAE04EC0-301F-11D3-BF4B-00C04F79EFBC}") = "Conexco.Utils", "Conexco.Utils\Conexco.Utils.csproj", "{9AA2928B-87CA-4BDB-A02F-42B18C828841}"
EndProject
Project("{FAE04EC0-301F-11D3-BF4B-00C04F79EFBC}") = "Conexco.BDInstalador", "Conexco.BDInstalador\Conexco.BDInstalador.csproj", "{6AAD653A-CFE4-46EC-A379-05950EAC72F1}"
EndProject
Project("{54435603-DBB4-11D2-8724-00A0C9A8B90C}") = "Instalar", "Instalador\Instalador.vdproj", "{CAFE7456-2642-44E5-A088-A638250BFB6C}"
EndProject
Project("{54435603-DBB4-11D2-8724-00A0C9A8B90C}") = "Actualizar", "Actualizar\Actualizar.vdproj", "{1824E565-B6AE-4CE2-9389-FA0A1FF0CEEC}"
EndProject
Global
	GlobalSection(SubversionScc) = preSolution
		Svn-Managed = True
		Manager = AnkhSVN - Subversion Support for Visual Studio
	EndGlobalSection
	GlobalSection(SolutionConfigurationPlatforms) = preSolution
		Debug|Any CPU = Debug|Any CPU
		Release|Any CPU = Release|Any CPU
	EndGlobalSection
	GlobalSection(ProjectConfigurationPlatforms) = postSolution
		{34A3C3C9-3B53-4215-9629-5214269C41F1}.Debug|Any CPU.ActiveCfg = Release|Any CPU
		{34A3C3C9-3B53-4215-9629-5214269C41F1}.Debug|Any CPU.Build.0 = Release|Any CPU
		{34A3C3C9-3B53-4215-9629-5214269C41F1}.Release|Any CPU.ActiveCfg = Release|Any CPU
		{34A3C3C9-3B53-4215-9629-5214269C41F1}.Release|Any CPU.Build.0 = Release|Any CPU
		{CF6BA7BA-87E6-425F-8AA5-B2BE7A3567F1}.Debug|Any CPU.ActiveCfg = Release|Any CPU
		{CF6BA7BA-87E6-425F-8AA5-B2BE7A3567F1}.Debug|Any CPU.Build.0 = Release|Any CPU
		{CF6BA7BA-87E6-425F-8AA5-B2BE7A3567F1}.Release|Any CPU.ActiveCfg = Release|Any CPU
		{CF6BA7BA-87E6-425F-8AA5-B2BE7A3567F1}.Release|Any CPU.Build.0 = Release|Any CPU
		{280F6091-D771-417F-BC44-FDABE27DC122}.Debug|Any CPU.ActiveCfg = Release|Any CPU
		{280F6091-D771-417F-BC44-FDABE27DC122}.Debug|Any CPU.Build.0 = Release|Any CPU
		{280F6091-D771-417F-BC44-FDABE27DC122}.Release|Any CPU.ActiveCfg = Release|Any CPU
		{280F6091-D771-417F-BC44-FDABE27DC122}.Release|Any CPU.Build.0 = Release|Any CPU
		{9AA2928B-87CA-4BDB-A02F-42B18C828841}.Debug|Any CPU.ActiveCfg = Release|Any CPU
		{9AA2928B-87CA-4BDB-A02F-42B18C828841}.Debug|Any CPU.Build.0 = Release|Any CPU
		{9AA2928B-87CA-4BDB-A02F-42B18C828841}.Release|Any CPU.ActiveCfg = Release|Any CPU
		{9AA2928B-87CA-4BDB-A02F-42B18C828841}.Release|Any CPU.Build.0 = Release|Any CPU
		{6AAD653A-CFE4-46EC-A379-05950EAC72F1}.Debug|Any CPU.ActiveCfg = Release|Any CPU
		{6AAD653A-CFE4-46EC-A379-05950EAC72F1}.Debug|Any CPU.Build.0 = Release|Any CPU
		{6AAD653A-CFE4-46EC-A379-05950EAC72F1}.Release|Any CPU.ActiveCfg = Release|Any CPU
		{6AAD653A-CFE4-46EC-A379-05950EAC72F1}.Release|Any CPU.Build.0 = Release|Any CPU
		{CAFE7456-2642-44E5-A088-A638250BFB6C}.Debug|Any CPU.ActiveCfg = Release
		{CAFE7456-2642-44E5-A088-A638250BFB6C}.Release|Any CPU.ActiveCfg = Release
		{1824E565-B6AE-4CE2-9389-FA0A1FF0CEEC}.Debug|Any CPU.ActiveCfg = Release
		{1824E565-B6AE-4CE2-9389-FA0A1FF0CEEC}.Release|Any CPU.ActiveCfg = Release
	EndGlobalSection
	GlobalSection(SolutionProperties) = preSolution
		HideSolutionNode = FALSE
	EndGlobalSection
EndGlobal
